// !$*UTF8*$!
{
	archiveVersion = 1;
	classes = {
	};
	objectVersion = 46;
	objects = {

/* Begin PBXBuildFile section */
		33ACDF7118458E340085A68C /* UIKit.framework in Frameworks */ = {isa = PBXBuildFile; fileRef = 33ACDF7018458E340085A68C /* UIKit.framework */; };
		33ACDF7318458E340085A68C /* Foundation.framework in Frameworks */ = {isa = PBXBuildFile; fileRef = 33ACDF7218458E340085A68C /* Foundation.framework */; };
		33ACDF7518458E340085A68C /* CoreGraphics.framework in Frameworks */ = {isa = PBXBuildFile; fileRef = 33ACDF7418458E340085A68C /* CoreGraphics.framework */; };
		33ACDF7B18458E340085A68C /* InfoPlist.strings in Resources */ = {isa = PBXBuildFile; fileRef = 33ACDF7918458E340085A68C /* InfoPlist.strings */; };
		33ACDF7D18458E340085A68C /* main.m in Sources */ = {isa = PBXBuildFile; fileRef = 33ACDF7C18458E340085A68C /* main.m */; };
		33ACDF8118458E340085A68C /* AppDelegate.m in Sources */ = {isa = PBXBuildFile; fileRef = 33ACDF8018458E340085A68C /* AppDelegate.m */; };
		33ACDF8318458E340085A68C /* Default.png in Resources */ = {isa = PBXBuildFile; fileRef = 33ACDF8218458E340085A68C /* Default.png */; };
		33ACDF8518458E340085A68C /* Default@2x.png in Resources */ = {isa = PBXBuildFile; fileRef = 33ACDF8418458E340085A68C /* Default@2x.png */; };
		33ACDF8718458E340085A68C /* Default-568h@2x.png in Resources */ = {isa = PBXBuildFile; fileRef = 33ACDF8618458E340085A68C /* Default-568h@2x.png */; };
		33ACDF8A18458E340085A68C /* MainStoryboard.storyboard in Resources */ = {isa = PBXBuildFile; fileRef = 33ACDF8818458E340085A68C /* MainStoryboard.storyboard */; };
		33ACDF8D18458E340085A68C /* ViewController.m in Sources */ = {isa = PBXBuildFile; fileRef = 33ACDF8C18458E340085A68C /* ViewController.m */; };
/* End PBXBuildFile section */

/* Begin PBXFileReference section */
		33ACDF6D18458E340085A68C /* MovilHiper.app */ = {isa = PBXFileReference; explicitFileType = wrapper.application; includeInIndex = 0; path = MovilHiper.app; sourceTree = BUILT_PRODUCTS_DIR; };
		33ACDF7018458E340085A68C /* UIKit.framework */ = {isa = PBXFileReference; lastKnownFileType = wrapper.framework; name = UIKit.framework; path = System/Library/Frameworks/UIKit.framework; sourceTree = SDKROOT; };
		33ACDF7218458E340085A68C /* Foundation.framework */ = {isa = PBXFileReference; lastKnownFileType = wrapper.framework; name = Foundation.framework; path = System/Library/Frameworks/Foundation.framework; sourceTree = SDKROOT; };
		33ACDF7418458E340085A68C /* CoreGraphics.framework */ = {isa = PBXFileReference; lastKnownFileType = wrapper.framework; name = CoreGraphics.framework; path = System/Library/Frameworks/CoreGraphics.framework; sourceTree = SDKROOT; };
		33ACDF7818458E340085A68C /* MovilHiper-Info.plist */ = {isa = PBXFileReference; lastKnownFileType = text.plist.xml; path = "MovilHiper-Info.plist"; sourceTree = "<group>"; };
		33ACDF7A18458E340085A68C /* en */ = {isa = PBXFileReference; lastKnownFileType = text.plist.strings; name = en; path = en.lproj/InfoPlist.strings; sourceTree = "<group>"; };
		33ACDF7C18458E340085A68C /* main.m */ = {isa = PBXFileReference; lastKnownFileType = sourcecode.c.objc; path = main.m; sourceTree = "<group>"; };
		33ACDF7E18458E340085A68C /* MovilHiper-Prefix.pch */ = {isa = PBXFileReference; lastKnownFileType = sourcecode.c.h; path = "MovilHiper-Prefix.pch"; sourceTree = "<group>"; };
		33ACDF7F18458E340085A68C /* AppDelegate.h */ = {isa = PBXFileReference; lastKnownFileType = sourcecode.c.h; path = AppDelegate.h; sourceTree = "<group>"; };
		33ACDF8018458E340085A68C /* AppDelegate.m */ = {isa = PBXFileReference; lastKnownFileType = sourcecode.c.objc; path = AppDelegate.m; sourceTree = "<group>"; };
		33ACDF8218458E340085A68C /* Default.png */ = {isa = PBXFileReference; lastKnownFileType = image.png; path = Default.png; sourceTree = "<group>"; };
		33ACDF8418458E340085A68C /* Default@2x.png */ = {isa = PBXFileReference; lastKnownFileType = image.png; path = "Default@2x.png"; sourceTree = "<group>"; };
		33ACDF8618458E340085A68C /* Default-568h@2x.png */ = {isa = PBXFileReference; lastKnownFileType = image.png; path = "Default-568h@2x.png"; sourceTree = "<group>"; };
		33ACDF8918458E340085A68C /* en */ = {isa = PBXFileReference; lastKnownFileType = file.storyboard; name = en; path = en.lproj/MainStoryboard.storyboard; sourceTree = "<group>"; };
		33ACDF8B18458E340085A68C /* ViewController.h */ = {isa = PBXFileReference; lastKnownFileType = sourcecode.c.h; path = ViewController.h; sourceTree = "<group>"; };
		33ACDF8C18458E340085A68C /* ViewController.m */ = {isa = PBXFileReference; lastKnownFileType = sourcecode.c.objc; path = ViewController.m; sourceTree = "<group>"; };
/* End PBXFileReference section */

/* Begin PBXFrameworksBuildPhase section */
		33ACDF6A18458E340085A68C /* Frameworks */ = {
			isa = PBXFrameworksBuildPhase;
			buildActionMask = 2147483647;
			files = (
				33ACDF7118458E340085A68C /* UIKit.framework in Frameworks */,
				33ACDF7318458E340085A68C /* Foundation.framework in Frameworks */,
				33ACDF7518458E340085A68C /* CoreGraphics.framework in Frameworks */,
			);
			runOnlyForDeploymentPostprocessing = 0;
		};
/* End PBXFrameworksBuildPhase section */

/* Begin PBXGroup section */
		33ACDF6418458E340085A68C = {
			isa = PBXGroup;
			children = (
				33ACDF7618458E340085A68C /* MovilHiper */,
				33ACDF6F18458E340085A68C /* Frameworks */,
				33ACDF6E18458E340085A68C /* Products */,
			);
			sourceTree = "<group>";
		};
		33ACDF6E18458E340085A68C /* Products */ = {
			isa = PBXGroup;
			children = (
				33ACDF6D18458E340085A68C /* MovilHiper.app */,
			);
			name = Products;
			sourceTree = "<group>";
		};
		33ACDF6F18458E340085A68C /* Frameworks */ = {
			isa = PBXGroup;
			children = (
				33ACDF7018458E340085A68C /* UIKit.framework */,
				33ACDF7218458E340085A68C /* Foundation.framework */,
				33ACDF7418458E340085A68C /* CoreGraphics.framework */,
			);
			name = Frameworks;
			sourceTree = "<group>";
		};
		33ACDF7618458E340085A68C /* MovilHiper */ = {
			isa = PBXGroup;
			children = (
				33ACDF7F18458E340085A68C /* AppDelegate.h */,
				33ACDF8018458E340085A68C /* AppDelegate.m */,
				33ACDF8818458E340085A68C /* MainStoryboard.storyboard */,
				33ACDF8B18458E340085A68C /* ViewController.h */,
				33ACDF8C18458E340085A68C /* ViewController.m */,
				33ACDF7718458E340085A68C /* Supporting Files */,
			);
			path = MovilHiper;
			sourceTree = "<group>";
		};
		33ACDF7718458E340085A68C /* Supporting Files */ = {
			isa = PBXGroup;
			children = (
				33ACDF7818458E340085A68C /* MovilHiper-Info.plist */,
				33ACDF7918458E340085A68C /* InfoPlist.strings */,
				33ACDF7C18458E340085A68C /* main.m */,
				33ACDF7E18458E340085A68C /* MovilHiper-Prefix.pch */,
				33ACDF8218458E340085A68C /* Default.png */,
				33ACDF8418458E340085A68C /* Default@2x.png */,
				33ACDF8618458E340085A68C /* Default-568h@2x.png */,
			);
			name = "Supporting Files";
			sourceTree = "<group>";
		};
/* End PBXGroup section */

/* Begin PBXNativeTarget section */
		33ACDF6C18458E340085A68C /* MovilHiper */ = {
			isa = PBXNativeTarget;
			buildConfigurationList = 33ACDF9018458E340085A68C /* Build configuration list for PBXNativeTarget "MovilHiper" */;
			buildPhases = (
				33ACDF6918458E340085A68C /* Sources */,
				33ACDF6A18458E340085A68C /* Frameworks */,
				33ACDF6B18458E340085A68C /* Resources */,
			);
			buildRules = (
			);
			dependencies = (
			);
			name = MovilHiper;
			productName = MovilHiper;
			productReference = 33ACDF6D18458E340085A68C /* MovilHiper.app */;
			productType = "com.apple.product-type.application";
		};
/* End PBXNativeTarget section */

/* Begin PBXProject section */
		33ACDF6518458E340085A68C /* Project object */ = {
			isa = PBXProject;
			attributes = {
				LastUpgradeCheck = 0460;
				ORGANIZATIONNAME = "Silvia Cachi Tenorio";
			};
			buildConfigurationList = 33ACDF6818458E340085A68C /* Build configuration list for PBXProject "MovilHiper" */;
			compatibilityVersion = "Xcode 3.2";
			developmentRegion = English;
			hasScannedForEncodings = 0;
			knownRegions = (
				en,
			);
			mainGroup = 33ACDF6418458E340085A68C;
			productRefGroup = 33ACDF6E18458E340085A68C /* Products */;
			projectDirPath = "";
			projectRoot = "";
			targets = (
				33ACDF6C18458E340085A68C /* MovilHiper */,
			);
		};
/* End PBXProject section */

/* Begin PBXResourcesBuildPhase section */
		33ACDF6B18458E340085A68C /* Resources */ = {
			isa = PBXResourcesBuildPhase;
			buildActionMask = 2147483647;
			files = (
				33ACDF7B18458E340085A68C /* InfoPlist.strings in Resources */,
				33ACDF8318458E340085A68C /* Default.png in Resources */,
				33ACDF8518458E340085A68C /* Default@2x.png in Resources */,
				33ACDF8718458E340085A68C /* Default-568h@2x.png in Resources */,
				33ACDF8A18458E340085A68C /* MainStoryboard.storyboard in Resources */,
			);
			runOnlyForDeploymentPostprocessing = 0;
		};
/* End PBXResourcesBuildPhase section */

/* Begin PBXSourcesBuildPhase section */
		33ACDF6918458E340085A68C /* Sources */ = {
			isa = PBXSourcesBuildPhase;
			buildActionMask = 2147483647;
			files = (
				33ACDF7D18458E340085A68C /* main.m in Sources */,
				33ACDF8118458E340085A68C /* AppDelegate.m in Sources */,
				33ACDF8D18458E340085A68C /* ViewController.m in Sources */,
			);
			runOnlyForDeploymentPostprocessing = 0;
		};
/* End PBXSourcesBuildPhase section */

/* Begin PBXVariantGroup section */
		33ACDF7918458E340085A68C /* InfoPlist.strings */ = {
			isa = PBXVariantGroup;
			children = (
				33ACDF7A18458E340085A68C /* en */,
			);
			name = InfoPlist.strings;
			sourceTree = "<group>";
		};
		33ACDF8818458E340085A68C /* MainStoryboard.storyboard */ = {
			isa = PBXVariantGroup;
			children = (
				33ACDF8918458E340085A68C /* en */,
			);
			name = MainStoryboard.storyboard;
			sourceTree = "<group>";
		};
/* End PBXVariantGroup section */

/* Begin XCBuildConfiguration section */
		33ACDF8E18458E340085A68C /* Debug */ = {
			isa = XCBuildConfiguration;
			buildSettings = {
				ALWAYS_SEARCH_USER_PATHS = NO;
				CLANG_CXX_LANGUAGE_STANDARD = "gnu++0x";
				CLANG_CXX_LIBRARY = "libc++";
				CLANG_ENABLE_OBJC_ARC = YES;
				CLANG_WARN_CONSTANT_CONVERSION = YES;
				CLANG_WARN_EMPTY_BODY = YES;
				CLANG_WARN_ENUM_CONVERSION = YES;
				CLANG_WARN_INT_CONVERSION = YES;
				CLANG_WARN__DUPLICATE_METHOD_MATCH = YES;
				"CODE_SIGN_IDENTITY[sdk=iphoneos*]" = "iPhone Developer";
				COPY_PHASE_STRIP = NO;
				GCC_C_LANGUAGE_STANDARD = gnu99;
				GCC_DYNAMIC_NO_PIC = NO;
				GCC_OPTIMIZATION_LEVEL = 0;
				GCC_PREPROCESSOR_DEFINITIONS = (
					"DEBUG=1",
					"$(inherited)",
				);
				GCC_SYMBOLS_PRIVATE_EXTERN = NO;
				GCC_WARN_ABOUT_RETURN_TYPE = YES;
				GCC_WARN_UNINITIALIZED_AUTOS = YES;
				GCC_WARN_UNUSED_VARIABLE = YES;
				IPHONEOS_DEPLOYMENT_TARGET = 6.1;
				ONLY_ACTIVE_ARCH = YES;
				SDKROOT = iphoneos;
			};
			name = Debug;
		};
		33ACDF8F18458E340085A68C /* Release */ = {
			isa = XCBuildConfiguration;
			buildSettings = {
				ALWAYS_SEARCH_USER_PATHS = NO;
				CLANG_CXX_LANGUAGE_STANDARD = "gnu++0x";
				CLANG_CXX_LIBRARY = "libc++";
				CLANG_ENABLE_OBJC_ARC = YES;
				CLANG_WARN_CONSTANT_CONVERSION = YES;
				CLANG_WARN_EMPTY_BODY = YES;
				CLANG_WARN_ENUM_CONVERSION = YES;
				CLANG_WARN_INT_CONVERSION = YES;
				CLANG_WARN__DUPLICATE_METHOD_MATCH = YES;
				"CODE_SIGN_IDENTITY[sdk=iphoneos*]" = "iPhone Developer";
				COPY_PHASE_STRIP = YES;
				GCC_C_LANGUAGE_STANDARD = gnu99;
				GCC_WARN_ABOUT_RETURN_TYPE = YES;
				GCC_WARN_UNINITIALIZED_AUTOS = YES;
				GCC_WARN_UNUSED_VARIABLE = YES;
				IPHONEOS_DEPLOYMENT_TARGET = 6.1;
				OTHER_CFLAGS = "-DNS_BLOCK_ASSERTIONS=1";
				SDKROOT = iphoneos;
				VALIDATE_PRODUCT = YES;
			};
			name = Release;
		};
		33ACDF9118458E340085A68C /* Debug */ = {
			isa = XCBuildConfiguration;
			buildSettings = {
				GCC_PRECOMPILE_PREFIX_HEADER = YES;
				GCC_PREFIX_HEADER = "MovilHiper/MovilHiper-Prefix.pch";
				INFOPLIST_FILE = "MovilHiper/MovilHiper-Info.plist";
				PRODUCT_NAME = "$(TARGET_NAME)";
				WRAPPER_EXTENSION = app;
			};
			name = Debug;
		};
		33ACDF9218458E340085A68C /* Release */ = {
			isa = XCBuildConfiguration;
			buildSettings = {
				GCC_PRECOMPILE_PREFIX_HEADER = YES;
				GCC_PREFIX_HEADER = "MovilHiper/MovilHiper-Prefix.pch";
				INFOPLIST_FILE = "MovilHiper/MovilHiper-Info.plist";
				PRODUCT_NAME = "$(TARGET_NAME)";
				WRAPPER_EXTENSION = app;
			};
			name = Release;
		};
/* End XCBuildConfiguration section */

/* Begin XCConfigurationList section */
		33ACDF6818458E340085A68C /* Build configuration list for PBXProject "MovilHiper" */ = {
			isa = XCConfigurationList;
			buildConfigurations = (
				33ACDF8E18458E340085A68C /* Debug */,
				33ACDF8F18458E340085A68C /* Release */,
			);
			defaultConfigurationIsVisible = 0;
			defaultConfigurationName = Release;
		};
		33ACDF9018458E340085A68C /* Build configuration list for PBXNativeTarget "MovilHiper" */ = {
			isa = XCConfigurationList;
			buildConfigurations = (
				33ACDF9118458E340085A68C /* Debug */,
				33ACDF9218458E340085A68C /* Release */,
			);
			defaultConfigurationIsVisible = 0;
		};
/* End XCConfigurationList section */
	};
	rootObject = 33ACDF6518458E340085A68C /* Project object */;
}
